<Solution>
  <Project Path="AnagramSolver.BusinessLogic/AnagramSolver.BusinessLogic.csproj" />
  <Project Path="AnagramSolver.Cli/AnagramSolver.Cli.csproj" />
  <Project Path="AnagramSolver.Contracts/AnagramSolver.Contracts.csproj" />
  <Project Path="AnagramSolver.Tests/AnagramSolver.Tests.csproj" Id="1bc35b64-a43b-4291-b320-2a517da7679c" />
</Solution>
